
Microsoft Visual Studio Solution File, Format Version 12.00
# Visual Studio Version 16
VisualStudioVersion = 16.0.31005.135
MinimumVisualStudioVersion = 10.0.40219.1
Project("{FAE04EC0-301F-11D3-BF4B-00C04F79EFBC}") = "DefiningClasses-SpecialCars", "DefiningClasses-SpecialCars\DefiningClasses-SpecialCars.csproj", "{A8D14A5B-68EF-45B7-A7DB-B80DB2363870}"
EndProject
Global
	GlobalSection(SolutionConfigurationPlatforms) = preSolution
		Debug|Any CPU = Debug|Any CPU
		Release|Any CPU = Release|Any CPU
	EndGlobalSection
	GlobalSection(ProjectConfigurationPlatforms) = postSolution
		{A8D14A5B-68EF-45B7-A7DB-B80DB2363870}.Debug|Any CPU.ActiveCfg = Debug|Any CPU
		{A8D14A5B-68EF-45B7-A7DB-B80DB2363870}.Debug|Any CPU.Build.0 = Debug|Any CPU
		{A8D14A5B-68EF-45B7-A7DB-B80DB2363870}.Release|Any CPU.ActiveCfg = Release|Any CPU
		{A8D14A5B-68EF-45B7-A7DB-B80DB2363870}.Release|Any CPU.Build.0 = Release|Any CPU
	EndGlobalSection
	GlobalSection(SolutionProperties) = preSolution
		HideSolutionNode = FALSE
	EndGlobalSection
	GlobalSection(ExtensibilityGlobals) = postSolution
		SolutionGuid = {EE35EB71-E77D-47E8-B2A2-F24B3041A0C5}
	EndGlobalSection
EndGlobal
