
Microsoft Visual Studio Solution File, Format Version 12.00
# Visual Studio Version 17
VisualStudioVersion = 17.4.33110.190
MinimumVisualStudioVersion = 10.0.40219.1
Project("{FAE04EC0-301F-11D3-BF4B-00C04F79EFBC}") = "SUHttpServer", "SUHttpServer\SUHttpServer.csproj", "{AF65EDDF-67E5-49F9-B3F5-5544D2EEC39D}"
EndProject
Global
	GlobalSection(SolutionConfigurationPlatforms) = preSolution
		Debug|Any CPU = Debug|Any CPU
		Release|Any CPU = Release|Any CPU
	EndGlobalSection
	GlobalSection(ProjectConfigurationPlatforms) = postSolution
		{AF65EDDF-67E5-49F9-B3F5-5544D2EEC39D}.Debug|Any CPU.ActiveCfg = Debug|Any CPU
		{AF65EDDF-67E5-49F9-B3F5-5544D2EEC39D}.Debug|Any CPU.Build.0 = Debug|Any CPU
		{AF65EDDF-67E5-49F9-B3F5-5544D2EEC39D}.Release|Any CPU.ActiveCfg = Release|Any CPU
		{AF65EDDF-67E5-49F9-B3F5-5544D2EEC39D}.Release|Any CPU.Build.0 = Release|Any CPU
	EndGlobalSection
	GlobalSection(SolutionProperties) = preSolution
		HideSolutionNode = FALSE
	EndGlobalSection
	GlobalSection(ExtensibilityGlobals) = postSolution
		SolutionGuid = {F34A2CFC-14EF-4683-87E9-BB0FE61238C2}
	EndGlobalSection
EndGlobal
