
Microsoft Visual Studio Solution File, Format Version 12.00
# Visual Studio Version 16
VisualStudioVersion = 16.0.31005.135
MinimumVisualStudioVersion = 10.0.40219.1
Project("{FAE04EC0-301F-11D3-BF4B-00C04F79EFBC}") = "01.TheImitationGame", "ExamPreparation2\01.TheImitationGame.csproj", "{F78F128B-B6E8-41C8-8E53-4B6BA9DF934C}"
EndProject
Project("{FAE04EC0-301F-11D3-BF4B-00C04F79EFBC}") = "02.AdAstra", "02.AdAstra\02.AdAstra.csproj", "{961E9BAD-EE9D-431E-A050-A433D6458E43}"
EndProject
Project("{FAE04EC0-301F-11D3-BF4B-00C04F79EFBC}") = "03.ThePianist", "03.ThePianist\03.ThePianist.csproj", "{E73F8761-54F1-485C-B55E-A2114E68BFB4}"
EndProject
Global
	GlobalSection(SolutionConfigurationPlatforms) = preSolution
		Debug|Any CPU = Debug|Any CPU
		Release|Any CPU = Release|Any CPU
	EndGlobalSection
	GlobalSection(ProjectConfigurationPlatforms) = postSolution
		{F78F128B-B6E8-41C8-8E53-4B6BA9DF934C}.Debug|Any CPU.ActiveCfg = Debug|Any CPU
		{F78F128B-B6E8-41C8-8E53-4B6BA9DF934C}.Debug|Any CPU.Build.0 = Debug|Any CPU
		{F78F128B-B6E8-41C8-8E53-4B6BA9DF934C}.Release|Any CPU.ActiveCfg = Release|Any CPU
		{F78F128B-B6E8-41C8-8E53-4B6BA9DF934C}.Release|Any CPU.Build.0 = Release|Any CPU
		{961E9BAD-EE9D-431E-A050-A433D6458E43}.Debug|Any CPU.ActiveCfg = Debug|Any CPU
		{961E9BAD-EE9D-431E-A050-A433D6458E43}.Debug|Any CPU.Build.0 = Debug|Any CPU
		{961E9BAD-EE9D-431E-A050-A433D6458E43}.Release|Any CPU.ActiveCfg = Release|Any CPU
		{961E9BAD-EE9D-431E-A050-A433D6458E43}.Release|Any CPU.Build.0 = Release|Any CPU
		{E73F8761-54F1-485C-B55E-A2114E68BFB4}.Debug|Any CPU.ActiveCfg = Debug|Any CPU
		{E73F8761-54F1-485C-B55E-A2114E68BFB4}.Debug|Any CPU.Build.0 = Debug|Any CPU
		{E73F8761-54F1-485C-B55E-A2114E68BFB4}.Release|Any CPU.ActiveCfg = Release|Any CPU
		{E73F8761-54F1-485C-B55E-A2114E68BFB4}.Release|Any CPU.Build.0 = Release|Any CPU
	EndGlobalSection
	GlobalSection(SolutionProperties) = preSolution
		HideSolutionNode = FALSE
	EndGlobalSection
	GlobalSection(ExtensibilityGlobals) = postSolution
		SolutionGuid = {C03F080E-3BE1-4502-873F-E9DC45E76DC5}
	EndGlobalSection
EndGlobal
