
Microsoft Visual Studio Solution File, Format Version 12.00
# Visual Studio Version 16
VisualStudioVersion = 16.0.32106.194
MinimumVisualStudioVersion = 10.0.40219.1
Project("{FAE04EC0-301F-11D3-BF4B-00C04F79EFBC}") = "02.BeaverAtWork", "02.BeaverAtWork\02.BeaverAtWork.csproj", "{F262368E-8919-45C7-AFFC-01334BEE271D}"
EndProject
Global
	GlobalSection(SolutionConfigurationPlatforms) = preSolution
		Debug|Any CPU = Debug|Any CPU
		Release|Any CPU = Release|Any CPU
	EndGlobalSection
	GlobalSection(ProjectConfigurationPlatforms) = postSolution
		{F262368E-8919-45C7-AFFC-01334BEE271D}.Debug|Any CPU.ActiveCfg = Debug|Any CPU
		{F262368E-8919-45C7-AFFC-01334BEE271D}.Debug|Any CPU.Build.0 = Debug|Any CPU
		{F262368E-8919-45C7-AFFC-01334BEE271D}.Release|Any CPU.ActiveCfg = Release|Any CPU
		{F262368E-8919-45C7-AFFC-01334BEE271D}.Release|Any CPU.Build.0 = Release|Any CPU
	EndGlobalSection
	GlobalSection(SolutionProperties) = preSolution
		HideSolutionNode = FALSE
	EndGlobalSection
	GlobalSection(ExtensibilityGlobals) = postSolution
		SolutionGuid = {BCFE8D43-0141-4AA4-8C9C-5F312F26270C}
	EndGlobalSection
EndGlobal
