
Microsoft Visual Studio Solution File, Format Version 12.00
# Visual Studio Version 16
VisualStudioVersion = 16.0.31005.135
MinimumVisualStudioVersion = 10.0.40219.1
Project("{9A19103F-16F7-4668-BE54-9A1E7A4F7556}") = "ClassroomProject", "ClassroomProject.csproj", "{531E1C91-FB43-4995-9F47-3AFA16CBA766}"
EndProject
Global
	GlobalSection(SolutionConfigurationPlatforms) = preSolution
		Debug|Any CPU = Debug|Any CPU
		Release|Any CPU = Release|Any CPU
	EndGlobalSection
	GlobalSection(ProjectConfigurationPlatforms) = postSolution
		{531E1C91-FB43-4995-9F47-3AFA16CBA766}.Debug|Any CPU.ActiveCfg = Debug|Any CPU
		{531E1C91-FB43-4995-9F47-3AFA16CBA766}.Debug|Any CPU.Build.0 = Debug|Any CPU
		{531E1C91-FB43-4995-9F47-3AFA16CBA766}.Release|Any CPU.ActiveCfg = Release|Any CPU
		{531E1C91-FB43-4995-9F47-3AFA16CBA766}.Release|Any CPU.Build.0 = Release|Any CPU
	EndGlobalSection
	GlobalSection(SolutionProperties) = preSolution
		HideSolutionNode = FALSE
	EndGlobalSection
	GlobalSection(ExtensibilityGlobals) = postSolution
		SolutionGuid = {5A1F5F44-B570-416F-9A19-174C832B466C}
	EndGlobalSection
EndGlobal
