
Microsoft Visual Studio Solution File, Format Version 12.00
# Visual Studio Version 17
VisualStudioVersion = 17.4.33110.190
MinimumVisualStudioVersion = 10.0.40219.1
Project("{9A19103F-16F7-4668-BE54-9A1E7A4F7556}") = "AsynchronouProcessing", "AsynchronouProcessing\AsynchronouProcessing.csproj", "{BBA52908-E96B-4D92-B6D8-729FBBDF1C62}"
EndProject
Project("{9A19103F-16F7-4668-BE54-9A1E7A4F7556}") = "PrintEvenNumbers", "PrintEvenNumbers\PrintEvenNumbers.csproj", "{00EEF729-AB53-4A67-A33B-230AC0721151}"
EndProject
Global
	GlobalSection(SolutionConfigurationPlatforms) = preSolution
		Debug|Any CPU = Debug|Any CPU
		Release|Any CPU = Release|Any CPU
	EndGlobalSection
	GlobalSection(ProjectConfigurationPlatforms) = postSolution
		{BBA52908-E96B-4D92-B6D8-729FBBDF1C62}.Debug|Any CPU.ActiveCfg = Debug|Any CPU
		{BBA52908-E96B-4D92-B6D8-729FBBDF1C62}.Debug|Any CPU.Build.0 = Debug|Any CPU
		{BBA52908-E96B-4D92-B6D8-729FBBDF1C62}.Release|Any CPU.ActiveCfg = Release|Any CPU
		{BBA52908-E96B-4D92-B6D8-729FBBDF1C62}.Release|Any CPU.Build.0 = Release|Any CPU
		{00EEF729-AB53-4A67-A33B-230AC0721151}.Debug|Any CPU.ActiveCfg = Debug|Any CPU
		{00EEF729-AB53-4A67-A33B-230AC0721151}.Debug|Any CPU.Build.0 = Debug|Any CPU
		{00EEF729-AB53-4A67-A33B-230AC0721151}.Release|Any CPU.ActiveCfg = Release|Any CPU
		{00EEF729-AB53-4A67-A33B-230AC0721151}.Release|Any CPU.Build.0 = Release|Any CPU
	EndGlobalSection
	GlobalSection(SolutionProperties) = preSolution
		HideSolutionNode = FALSE
	EndGlobalSection
	GlobalSection(ExtensibilityGlobals) = postSolution
		SolutionGuid = {6DAC2A87-75A1-4CFD-9852-BA43AC2BA5B1}
	EndGlobalSection
EndGlobal
