
Microsoft Visual Studio Solution File, Format Version 12.00
# Visual Studio Version 16
VisualStudioVersion = 16.0.31005.135
MinimumVisualStudioVersion = 10.0.40219.1
Project("{FAE04EC0-301F-11D3-BF4B-00C04F79EFBC}") = "ExamPreparation5", "ExamPreparation5\ExamPreparation5.csproj", "{2F7FD7EC-C36D-450F-A84B-691E2403727F}"
EndProject
Project("{FAE04EC0-301F-11D3-BF4B-00C04F79EFBC}") = "02.Selling", "02.Selling\02.Selling.csproj", "{7FA86F1D-E807-4B5E-A257-39D07AE8C8CB}"
EndProject
Global
	GlobalSection(SolutionConfigurationPlatforms) = preSolution
		Debug|Any CPU = Debug|Any CPU
		Release|Any CPU = Release|Any CPU
	EndGlobalSection
	GlobalSection(ProjectConfigurationPlatforms) = postSolution
		{2F7FD7EC-C36D-450F-A84B-691E2403727F}.Debug|Any CPU.ActiveCfg = Debug|Any CPU
		{2F7FD7EC-C36D-450F-A84B-691E2403727F}.Debug|Any CPU.Build.0 = Debug|Any CPU
		{2F7FD7EC-C36D-450F-A84B-691E2403727F}.Release|Any CPU.ActiveCfg = Release|Any CPU
		{2F7FD7EC-C36D-450F-A84B-691E2403727F}.Release|Any CPU.Build.0 = Release|Any CPU
		{7FA86F1D-E807-4B5E-A257-39D07AE8C8CB}.Debug|Any CPU.ActiveCfg = Debug|Any CPU
		{7FA86F1D-E807-4B5E-A257-39D07AE8C8CB}.Debug|Any CPU.Build.0 = Debug|Any CPU
		{7FA86F1D-E807-4B5E-A257-39D07AE8C8CB}.Release|Any CPU.ActiveCfg = Release|Any CPU
		{7FA86F1D-E807-4B5E-A257-39D07AE8C8CB}.Release|Any CPU.Build.0 = Release|Any CPU
	EndGlobalSection
	GlobalSection(SolutionProperties) = preSolution
		HideSolutionNode = FALSE
	EndGlobalSection
	GlobalSection(ExtensibilityGlobals) = postSolution
		SolutionGuid = {E8BCB989-4616-49DD-AB84-054873F736F5}
	EndGlobalSection
EndGlobal
