
Microsoft Visual Studio Solution File, Format Version 12.00
# Visual Studio Version 16
VisualStudioVersion = 16.0.31005.135
MinimumVisualStudioVersion = 10.0.40219.1
Project("{FAE04EC0-301F-11D3-BF4B-00C04F79EFBC}") = "ExamPreparation3", "ExamPreparation3\ExamPreparation3.csproj", "{5D3AD369-1D1E-481E-8286-D7EA1FC73ADB}"
EndProject
Project("{FAE04EC0-301F-11D3-BF4B-00C04F79EFBC}") = "02.Bee", "02.Bee\02.Bee.csproj", "{47759A0D-E459-4916-BF1D-574A9B1EC9D2}"
EndProject
Global
	GlobalSection(SolutionConfigurationPlatforms) = preSolution
		Debug|Any CPU = Debug|Any CPU
		Release|Any CPU = Release|Any CPU
	EndGlobalSection
	GlobalSection(ProjectConfigurationPlatforms) = postSolution
		{5D3AD369-1D1E-481E-8286-D7EA1FC73ADB}.Debug|Any CPU.ActiveCfg = Debug|Any CPU
		{5D3AD369-1D1E-481E-8286-D7EA1FC73ADB}.Debug|Any CPU.Build.0 = Debug|Any CPU
		{5D3AD369-1D1E-481E-8286-D7EA1FC73ADB}.Release|Any CPU.ActiveCfg = Release|Any CPU
		{5D3AD369-1D1E-481E-8286-D7EA1FC73ADB}.Release|Any CPU.Build.0 = Release|Any CPU
		{47759A0D-E459-4916-BF1D-574A9B1EC9D2}.Debug|Any CPU.ActiveCfg = Debug|Any CPU
		{47759A0D-E459-4916-BF1D-574A9B1EC9D2}.Debug|Any CPU.Build.0 = Debug|Any CPU
		{47759A0D-E459-4916-BF1D-574A9B1EC9D2}.Release|Any CPU.ActiveCfg = Release|Any CPU
		{47759A0D-E459-4916-BF1D-574A9B1EC9D2}.Release|Any CPU.Build.0 = Release|Any CPU
	EndGlobalSection
	GlobalSection(SolutionProperties) = preSolution
		HideSolutionNode = FALSE
	EndGlobalSection
	GlobalSection(ExtensibilityGlobals) = postSolution
		SolutionGuid = {689341D1-651F-45D8-B705-D007E6A5136E}
	EndGlobalSection
EndGlobal
