
Microsoft Visual Studio Solution File, Format Version 12.00
# Visual Studio Version 16
VisualStudioVersion = 16.0.31005.135
MinimumVisualStudioVersion = 10.0.40219.1
Project("{9A19103F-16F7-4668-BE54-9A1E7A4F7556}") = "01.PasswordReset", "ExamPreparation1\01.PasswordReset.csproj", "{C93490EB-1496-47A3-9A6F-A43741E57135}"
EndProject
Project("{FAE04EC0-301F-11D3-BF4B-00C04F79EFBC}") = "02.FancyBarcode", "02.FancyBarcode\02.FancyBarcode.csproj", "{7FD255BA-DA0E-4990-8842-A56299505414}"
EndProject
Project("{FAE04EC0-301F-11D3-BF4B-00C04F79EFBC}") = "03.Heroes", "03.Heroes\03.Heroes.csproj", "{D31DAEC8-27C2-4579-9B8D-DEA44689761C}"
EndProject
Global
	GlobalSection(SolutionConfigurationPlatforms) = preSolution
		Debug|Any CPU = Debug|Any CPU
		Release|Any CPU = Release|Any CPU
	EndGlobalSection
	GlobalSection(ProjectConfigurationPlatforms) = postSolution
		{C93490EB-1496-47A3-9A6F-A43741E57135}.Debug|Any CPU.ActiveCfg = Debug|Any CPU
		{C93490EB-1496-47A3-9A6F-A43741E57135}.Debug|Any CPU.Build.0 = Debug|Any CPU
		{C93490EB-1496-47A3-9A6F-A43741E57135}.Release|Any CPU.ActiveCfg = Release|Any CPU
		{C93490EB-1496-47A3-9A6F-A43741E57135}.Release|Any CPU.Build.0 = Release|Any CPU
		{7FD255BA-DA0E-4990-8842-A56299505414}.Debug|Any CPU.ActiveCfg = Debug|Any CPU
		{7FD255BA-DA0E-4990-8842-A56299505414}.Debug|Any CPU.Build.0 = Debug|Any CPU
		{7FD255BA-DA0E-4990-8842-A56299505414}.Release|Any CPU.ActiveCfg = Release|Any CPU
		{7FD255BA-DA0E-4990-8842-A56299505414}.Release|Any CPU.Build.0 = Release|Any CPU
		{D31DAEC8-27C2-4579-9B8D-DEA44689761C}.Debug|Any CPU.ActiveCfg = Debug|Any CPU
		{D31DAEC8-27C2-4579-9B8D-DEA44689761C}.Debug|Any CPU.Build.0 = Debug|Any CPU
		{D31DAEC8-27C2-4579-9B8D-DEA44689761C}.Release|Any CPU.ActiveCfg = Release|Any CPU
		{D31DAEC8-27C2-4579-9B8D-DEA44689761C}.Release|Any CPU.Build.0 = Release|Any CPU
	EndGlobalSection
	GlobalSection(SolutionProperties) = preSolution
		HideSolutionNode = FALSE
	EndGlobalSection
	GlobalSection(ExtensibilityGlobals) = postSolution
		SolutionGuid = {AFD3D94C-5B75-4654-9CFA-3F25FAE7567A}
	EndGlobalSection
EndGlobal
