
Microsoft Visual Studio Solution File, Format Version 12.00
# Visual Studio Version 17
VisualStudioVersion = 17.4.33213.308
MinimumVisualStudioVersion = 10.0.40219.1
Project("{FAE04EC0-301F-11D3-BF4B-00C04F79EFBC}") = "SoftUni", "SoftUni\SoftUni.csproj", "{E43CA34C-3426-4F88-AA55-BF58428CE2FE}"
EndProject
Global
	GlobalSection(SolutionConfigurationPlatforms) = preSolution
		Debug|Any CPU = Debug|Any CPU
		Release|Any CPU = Release|Any CPU
	EndGlobalSection
	GlobalSection(ProjectConfigurationPlatforms) = postSolution
		{E43CA34C-3426-4F88-AA55-BF58428CE2FE}.Debug|Any CPU.ActiveCfg = Debug|Any CPU
		{E43CA34C-3426-4F88-AA55-BF58428CE2FE}.Debug|Any CPU.Build.0 = Debug|Any CPU
		{E43CA34C-3426-4F88-AA55-BF58428CE2FE}.Release|Any CPU.ActiveCfg = Release|Any CPU
		{E43CA34C-3426-4F88-AA55-BF58428CE2FE}.Release|Any CPU.Build.0 = Release|Any CPU
	EndGlobalSection
	GlobalSection(SolutionProperties) = preSolution
		HideSolutionNode = FALSE
	EndGlobalSection
	GlobalSection(ExtensibilityGlobals) = postSolution
		SolutionGuid = {ACEAC768-9CB8-49BB-93CF-D1A574DEEEC4}
	EndGlobalSection
EndGlobal
