
Microsoft Visual Studio Solution File, Format Version 12.00
# Visual Studio Version 16
VisualStudioVersion = 16.0.31005.135
MinimumVisualStudioVersion = 10.0.40219.1
Project("{FAE04EC0-301F-11D3-BF4B-00C04F79EFBC}") = "ExamPreparation11", "ExamPreparation11\ExamPreparation11.csproj", "{742BEE26-B41E-4EFA-A60C-8BF5A93B16B4}"
EndProject
Project("{FAE04EC0-301F-11D3-BF4B-00C04F79EFBC}") = "02.Survivor", "02.Survivor\02.Survivor.csproj", "{94DDFD58-AA4B-47A2-93AE-2D294C009795}"
EndProject
Global
	GlobalSection(SolutionConfigurationPlatforms) = preSolution
		Debug|Any CPU = Debug|Any CPU
		Release|Any CPU = Release|Any CPU
	EndGlobalSection
	GlobalSection(ProjectConfigurationPlatforms) = postSolution
		{742BEE26-B41E-4EFA-A60C-8BF5A93B16B4}.Debug|Any CPU.ActiveCfg = Debug|Any CPU
		{742BEE26-B41E-4EFA-A60C-8BF5A93B16B4}.Debug|Any CPU.Build.0 = Debug|Any CPU
		{742BEE26-B41E-4EFA-A60C-8BF5A93B16B4}.Release|Any CPU.ActiveCfg = Release|Any CPU
		{742BEE26-B41E-4EFA-A60C-8BF5A93B16B4}.Release|Any CPU.Build.0 = Release|Any CPU
		{94DDFD58-AA4B-47A2-93AE-2D294C009795}.Debug|Any CPU.ActiveCfg = Debug|Any CPU
		{94DDFD58-AA4B-47A2-93AE-2D294C009795}.Debug|Any CPU.Build.0 = Debug|Any CPU
		{94DDFD58-AA4B-47A2-93AE-2D294C009795}.Release|Any CPU.ActiveCfg = Release|Any CPU
		{94DDFD58-AA4B-47A2-93AE-2D294C009795}.Release|Any CPU.Build.0 = Release|Any CPU
	EndGlobalSection
	GlobalSection(SolutionProperties) = preSolution
		HideSolutionNode = FALSE
	EndGlobalSection
	GlobalSection(ExtensibilityGlobals) = postSolution
		SolutionGuid = {85F7BC9B-751D-45D1-BC21-6BB76F4CF9EC}
	EndGlobalSection
EndGlobal
