
Microsoft Visual Studio Solution File, Format Version 12.00
# Visual Studio Version 17
VisualStudioVersion = 17.5.33627.172
MinimumVisualStudioVersion = 10.0.40219.1
Project("{FAE04EC0-301F-11D3-BF4B-00C04F79EFBC}") = "HouseRentingSystem", "HouseRentingSystem\HouseRentingSystem.csproj", "{073DC473-1DD6-4BEC-A5A6-4E2C55D56516}"
EndProject
Global
	GlobalSection(SolutionConfigurationPlatforms) = preSolution
		Debug|Any CPU = Debug|Any CPU
		Release|Any CPU = Release|Any CPU
	EndGlobalSection
	GlobalSection(ProjectConfigurationPlatforms) = postSolution
		{073DC473-1DD6-4BEC-A5A6-4E2C55D56516}.Debug|Any CPU.ActiveCfg = Debug|Any CPU
		{073DC473-1DD6-4BEC-A5A6-4E2C55D56516}.Debug|Any CPU.Build.0 = Debug|Any CPU
		{073DC473-1DD6-4BEC-A5A6-4E2C55D56516}.Release|Any CPU.ActiveCfg = Release|Any CPU
		{073DC473-1DD6-4BEC-A5A6-4E2C55D56516}.Release|Any CPU.Build.0 = Release|Any CPU
	EndGlobalSection
	GlobalSection(SolutionProperties) = preSolution
		HideSolutionNode = FALSE
	EndGlobalSection
	GlobalSection(ExtensibilityGlobals) = postSolution
		SolutionGuid = {551BDA87-27E5-4611-B30D-C97F97960119}
	EndGlobalSection
EndGlobal
