
Microsoft Visual Studio Solution File, Format Version 12.00
# Visual Studio Version 16
VisualStudioVersion = 16.0.31005.135
MinimumVisualStudioVersion = 10.0.40219.1
Project("{9A19103F-16F7-4668-BE54-9A1E7A4F7556}") = "DefiningClassesExercises", "DefiningClassesExercises\DefiningClassesExercises.csproj", "{DD0E0B9D-DAA2-45B2-8820-B14E350D32D6}"
EndProject
Project("{9A19103F-16F7-4668-BE54-9A1E7A4F7556}") = "02.CreatingConstructors", "02.CreatingConstructors\02.CreatingConstructors.csproj", "{C4B66542-BB3A-4D3E-98EC-31205218170C}"
EndProject
Project("{9A19103F-16F7-4668-BE54-9A1E7A4F7556}") = "03.OldestFamilyMember", "03.OldestFamilyMember\03.OldestFamilyMember.csproj", "{77CE1D8A-79F0-4F6B-844D-38FEB4A4D7EE}"
EndProject
Project("{9A19103F-16F7-4668-BE54-9A1E7A4F7556}") = "04.OpinionPoll", "04.OpinionPoll\04.OpinionPoll.csproj", "{EA4ECF6A-18E4-4272-9C45-DC44B376E916}"
EndProject
Project("{9A19103F-16F7-4668-BE54-9A1E7A4F7556}") = "05.DateModifier", "05.DateModifier\05.DateModifier.csproj", "{DDAAC2D0-168C-43B6-9647-9AAA19624628}"
EndProject
Project("{9A19103F-16F7-4668-BE54-9A1E7A4F7556}") = "06.SpeedRacing", "06.SpeedRacing\06.SpeedRacing.csproj", "{7CB5AD52-039E-40CB-A2BF-52F1CBDD18D6}"
EndProject
Project("{9A19103F-16F7-4668-BE54-9A1E7A4F7556}") = "07.RawData", "07.RawData\07.RawData.csproj", "{478C6B87-EF89-4226-8652-44D75CDB4832}"
EndProject
Project("{9A19103F-16F7-4668-BE54-9A1E7A4F7556}") = "08.CarSalesman", "08.CarSalesman\08.CarSalesman.csproj", "{61CBCCA9-65ED-438F-9C2B-2B1C761D3C50}"
EndProject
Project("{9A19103F-16F7-4668-BE54-9A1E7A4F7556}") = "09.PokemonTrainer", "09.PokemonTrainer\09.PokemonTrainer.csproj", "{551E2EBE-277B-431A-A0C3-E2CAB5057793}"
EndProject
Global
	GlobalSection(SolutionConfigurationPlatforms) = preSolution
		Debug|Any CPU = Debug|Any CPU
		Release|Any CPU = Release|Any CPU
	EndGlobalSection
	GlobalSection(ProjectConfigurationPlatforms) = postSolution
		{DD0E0B9D-DAA2-45B2-8820-B14E350D32D6}.Debug|Any CPU.ActiveCfg = Debug|Any CPU
		{DD0E0B9D-DAA2-45B2-8820-B14E350D32D6}.Debug|Any CPU.Build.0 = Debug|Any CPU
		{DD0E0B9D-DAA2-45B2-8820-B14E350D32D6}.Release|Any CPU.ActiveCfg = Release|Any CPU
		{DD0E0B9D-DAA2-45B2-8820-B14E350D32D6}.Release|Any CPU.Build.0 = Release|Any CPU
		{C4B66542-BB3A-4D3E-98EC-31205218170C}.Debug|Any CPU.ActiveCfg = Debug|Any CPU
		{C4B66542-BB3A-4D3E-98EC-31205218170C}.Debug|Any CPU.Build.0 = Debug|Any CPU
		{C4B66542-BB3A-4D3E-98EC-31205218170C}.Release|Any CPU.ActiveCfg = Release|Any CPU
		{C4B66542-BB3A-4D3E-98EC-31205218170C}.Release|Any CPU.Build.0 = Release|Any CPU
		{77CE1D8A-79F0-4F6B-844D-38FEB4A4D7EE}.Debug|Any CPU.ActiveCfg = Debug|Any CPU
		{77CE1D8A-79F0-4F6B-844D-38FEB4A4D7EE}.Debug|Any CPU.Build.0 = Debug|Any CPU
		{77CE1D8A-79F0-4F6B-844D-38FEB4A4D7EE}.Release|Any CPU.ActiveCfg = Release|Any CPU
		{77CE1D8A-79F0-4F6B-844D-38FEB4A4D7EE}.Release|Any CPU.Build.0 = Release|Any CPU
		{EA4ECF6A-18E4-4272-9C45-DC44B376E916}.Debug|Any CPU.ActiveCfg = Debug|Any CPU
		{EA4ECF6A-18E4-4272-9C45-DC44B376E916}.Debug|Any CPU.Build.0 = Debug|Any CPU
		{EA4ECF6A-18E4-4272-9C45-DC44B376E916}.Release|Any CPU.ActiveCfg = Release|Any CPU
		{EA4ECF6A-18E4-4272-9C45-DC44B376E916}.Release|Any CPU.Build.0 = Release|Any CPU
		{DDAAC2D0-168C-43B6-9647-9AAA19624628}.Debug|Any CPU.ActiveCfg = Debug|Any CPU
		{DDAAC2D0-168C-43B6-9647-9AAA19624628}.Debug|Any CPU.Build.0 = Debug|Any CPU
		{DDAAC2D0-168C-43B6-9647-9AAA19624628}.Release|Any CPU.ActiveCfg = Release|Any CPU
		{DDAAC2D0-168C-43B6-9647-9AAA19624628}.Release|Any CPU.Build.0 = Release|Any CPU
		{7CB5AD52-039E-40CB-A2BF-52F1CBDD18D6}.Debug|Any CPU.ActiveCfg = Debug|Any CPU
		{7CB5AD52-039E-40CB-A2BF-52F1CBDD18D6}.Debug|Any CPU.Build.0 = Debug|Any CPU
		{7CB5AD52-039E-40CB-A2BF-52F1CBDD18D6}.Release|Any CPU.ActiveCfg = Release|Any CPU
		{7CB5AD52-039E-40CB-A2BF-52F1CBDD18D6}.Release|Any CPU.Build.0 = Release|Any CPU
		{478C6B87-EF89-4226-8652-44D75CDB4832}.Debug|Any CPU.ActiveCfg = Debug|Any CPU
		{478C6B87-EF89-4226-8652-44D75CDB4832}.Debug|Any CPU.Build.0 = Debug|Any CPU
		{478C6B87-EF89-4226-8652-44D75CDB4832}.Release|Any CPU.ActiveCfg = Release|Any CPU
		{478C6B87-EF89-4226-8652-44D75CDB4832}.Release|Any CPU.Build.0 = Release|Any CPU
		{61CBCCA9-65ED-438F-9C2B-2B1C761D3C50}.Debug|Any CPU.ActiveCfg = Debug|Any CPU
		{61CBCCA9-65ED-438F-9C2B-2B1C761D3C50}.Debug|Any CPU.Build.0 = Debug|Any CPU
		{61CBCCA9-65ED-438F-9C2B-2B1C761D3C50}.Release|Any CPU.ActiveCfg = Release|Any CPU
		{61CBCCA9-65ED-438F-9C2B-2B1C761D3C50}.Release|Any CPU.Build.0 = Release|Any CPU
		{551E2EBE-277B-431A-A0C3-E2CAB5057793}.Debug|Any CPU.ActiveCfg = Debug|Any CPU
		{551E2EBE-277B-431A-A0C3-E2CAB5057793}.Debug|Any CPU.Build.0 = Debug|Any CPU
		{551E2EBE-277B-431A-A0C3-E2CAB5057793}.Release|Any CPU.ActiveCfg = Release|Any CPU
		{551E2EBE-277B-431A-A0C3-E2CAB5057793}.Release|Any CPU.Build.0 = Release|Any CPU
	EndGlobalSection
	GlobalSection(SolutionProperties) = preSolution
		HideSolutionNode = FALSE
	EndGlobalSection
	GlobalSection(ExtensibilityGlobals) = postSolution
		SolutionGuid = {A2B6C4A8-A9A9-4754-BADF-DEB88E319075}
	EndGlobalSection
EndGlobal
