
Microsoft Visual Studio Solution File, Format Version 12.00
# Visual Studio Version 17
VisualStudioVersion = 17.4.33213.308
MinimumVisualStudioVersion = 10.0.40219.1
Project("{FAE04EC0-301F-11D3-BF4B-00C04F79EFBC}") = "TaskBoardApp", "TaskBoardApp\TaskBoardApp.csproj", "{46A587C5-5548-40E5-9C41-50F3E167D15A}"
EndProject
Global
	GlobalSection(SolutionConfigurationPlatforms) = preSolution
		Debug|Any CPU = Debug|Any CPU
		Release|Any CPU = Release|Any CPU
	EndGlobalSection
	GlobalSection(ProjectConfigurationPlatforms) = postSolution
		{46A587C5-5548-40E5-9C41-50F3E167D15A}.Debug|Any CPU.ActiveCfg = Debug|Any CPU
		{46A587C5-5548-40E5-9C41-50F3E167D15A}.Debug|Any CPU.Build.0 = Debug|Any CPU
		{46A587C5-5548-40E5-9C41-50F3E167D15A}.Release|Any CPU.ActiveCfg = Release|Any CPU
		{46A587C5-5548-40E5-9C41-50F3E167D15A}.Release|Any CPU.Build.0 = Release|Any CPU
	EndGlobalSection
	GlobalSection(SolutionProperties) = preSolution
		HideSolutionNode = FALSE
	EndGlobalSection
	GlobalSection(ExtensibilityGlobals) = postSolution
		SolutionGuid = {E96A4F04-ED15-45D0-917F-703B1C6D500C}
	EndGlobalSection
EndGlobal
